// !$*UTF8*$!
{
	archiveVersion = 1;
	classes = {
	};
	objectVersion = 50;
	objects = {

/* Begin PBXBuildFile section */
		337E8AA2416CCD7D7806BC85 /* libPods-EarlGreyDemoUITests.a in Frameworks */ = {isa = PBXBuildFile; fileRef = 65EE6718FE6E9E75C9D56984 /* libPods-EarlGreyDemoUITests.a */; };
		B350D30CA30E236BD528F426 /* libPods-EarlGreyDemo.a in Frameworks */ = {isa = PBXBuildFile; fileRef = 6A2F39958A68336ABC1A677B /* libPods-EarlGreyDemo.a */; };
		E88E291924D1D9A700A8EE56 /* AppDelegate.m in Sources */ = {isa = PBXBuildFile; fileRef = E88E291824D1D9A700A8EE56 /* AppDelegate.m */; };
		E88E291C24D1D9A700A8EE56 /* SceneDelegate.m in Sources */ = {isa = PBXBuildFile; fileRef = E88E291B24D1D9A700A8EE56 /* SceneDelegate.m */; };
		E88E291F24D1D9A700A8EE56 /* ViewController.m in Sources */ = {isa = PBXBuildFile; fileRef = E88E291E24D1D9A700A8EE56 /* ViewController.m */; };
		E88E292224D1D9A700A8EE56 /* Main.storyboard in Resources */ = {isa = PBXBuildFile; fileRef = E88E292024D1D9A700A8EE56 /* Main.storyboard */; };
		E88E292424D1D9AA00A8EE56 /* Assets.xcassets in Resources */ = {isa = PBXBuildFile; fileRef = E88E292324D1D9AA00A8EE56 /* Assets.xcassets */; };
		E88E292724D1D9AA00A8EE56 /* LaunchScreen.storyboard in Resources */ = {isa = PBXBuildFile; fileRef = E88E292524D1D9AA00A8EE56 /* LaunchScreen.storyboard */; };
		E88E292A24D1D9AA00A8EE56 /* main.m in Sources */ = {isa = PBXBuildFile; fileRef = E88E292924D1D9AA00A8EE56 /* main.m */; };
		E88E293424D1D9AA00A8EE56 /* EarlGreyDemoUITests.m in Sources */ = {isa = PBXBuildFile; fileRef = E88E293324D1D9AA00A8EE56 /* EarlGreyDemoUITests.m */; };
/* End PBXBuildFile section */

/* Begin PBXContainerItemProxy section */
		E88E293024D1D9AA00A8EE56 /* PBXContainerItemProxy */ = {
			isa = PBXContainerItemProxy;
			containerPortal = E88E290C24D1D9A700A8EE56 /* Project object */;
			proxyType = 1;
			remoteGlobalIDString = E88E291324D1D9A700A8EE56;
			remoteInfo = EarlGreyDemo;
		};
/* End PBXContainerItemProxy section */

/* Begin PBXFileReference section */
		1154A17B6AD98A6F794A48AC /* Pods-EarlGreyDemoUITests.release.xcconfig */ = {isa = PBXFileReference; includeInIndex = 1; lastKnownFileType = text.xcconfig; name = "Pods-EarlGreyDemoUITests.release.xcconfig"; path = "Target Support Files/Pods-EarlGreyDemoUITests/Pods-EarlGreyDemoUITests.release.xcconfig"; sourceTree = "<group>"; };
		4BDDA60935F1C006034FF17B /* Pods-EarlGreyDemo.debug.xcconfig */ = {isa = PBXFileReference; includeInIndex = 1; lastKnownFileType = text.xcconfig; name = "Pods-EarlGreyDemo.debug.xcconfig"; path = "Target Support Files/Pods-EarlGreyDemo/Pods-EarlGreyDemo.debug.xcconfig"; sourceTree = "<group>"; };
		65EE6718FE6E9E75C9D56984 /* libPods-EarlGreyDemoUITests.a */ = {isa = PBXFileReference; explicitFileType = archive.ar; includeInIndex = 0; path = "libPods-EarlGreyDemoUITests.a"; sourceTree = BUILT_PRODUCTS_DIR; };
		6A2F39958A68336ABC1A677B /* libPods-EarlGreyDemo.a */ = {isa = PBXFileReference; explicitFileType = archive.ar; includeInIndex = 0; path = "libPods-EarlGreyDemo.a"; sourceTree = BUILT_PRODUCTS_DIR; };
		7E733C96E1C4A304529CB6DC /* Pods-EarlGreyDemoUITests.debug.xcconfig */ = {isa = PBXFileReference; includeInIndex = 1; lastKnownFileType = text.xcconfig; name = "Pods-EarlGreyDemoUITests.debug.xcconfig"; path = "Target Support Files/Pods-EarlGreyDemoUITests/Pods-EarlGreyDemoUITests.debug.xcconfig"; sourceTree = "<group>"; };
		C39D9F9FAD5A99DA76F8E47F /* Pods-EarlGreyDemo.release.xcconfig */ = {isa = PBXFileReference; includeInIndex = 1; lastKnownFileType = text.xcconfig; name = "Pods-EarlGreyDemo.release.xcconfig"; path = "Target Support Files/Pods-EarlGreyDemo/Pods-EarlGreyDemo.release.xcconfig"; sourceTree = "<group>"; };
		E88E291424D1D9A700A8EE56 /* EarlGreyDemo.app */ = {isa = PBXFileReference; explicitFileType = wrapper.application; includeInIndex = 0; path = EarlGreyDemo.app; sourceTree = BUILT_PRODUCTS_DIR; };
		E88E291724D1D9A700A8EE56 /* AppDelegate.h */ = {isa = PBXFileReference; lastKnownFileType = sourcecode.c.h; path = AppDelegate.h; sourceTree = "<group>"; };
		E88E291824D1D9A700A8EE56 /* AppDelegate.m */ = {isa = PBXFileReference; lastKnownFileType = sourcecode.c.objc; path = AppDelegate.m; sourceTree = "<group>"; };
		E88E291A24D1D9A700A8EE56 /* SceneDelegate.h */ = {isa = PBXFileReference; lastKnownFileType = sourcecode.c.h; path = SceneDelegate.h; sourceTree = "<group>"; };
		E88E291B24D1D9A700A8EE56 /* SceneDelegate.m */ = {isa = PBXFileReference; lastKnownFileType = sourcecode.c.objc; path = SceneDelegate.m; sourceTree = "<group>"; };
		E88E291D24D1D9A700A8EE56 /* ViewController.h */ = {isa = PBXFileReference; lastKnownFileType = sourcecode.c.h; path = ViewController.h; sourceTree = "<group>"; };
		E88E291E24D1D9A700A8EE56 /* ViewController.m */ = {isa = PBXFileReference; lastKnownFileType = sourcecode.c.objc; path = ViewController.m; sourceTree = "<group>"; };
		E88E292124D1D9A700A8EE56 /* Base */ = {isa = PBXFileReference; lastKnownFileType = file.storyboard; name = Base; path = Base.lproj/Main.storyboard; sourceTree = "<group>"; };
		E88E292324D1D9AA00A8EE56 /* Assets.xcassets */ = {isa = PBXFileReference; lastKnownFileType = folder.assetcatalog; path = Assets.xcassets; sourceTree = "<group>"; };
		E88E292624D1D9AA00A8EE56 /* Base */ = {isa = PBXFileReference; lastKnownFileType = file.storyboard; name = Base; path = Base.lproj/LaunchScreen.storyboard; sourceTree = "<group>"; };
		E88E292824D1D9AA00A8EE56 /* Info.plist */ = {isa = PBXFileReference; lastKnownFileType = text.plist.xml; path = Info.plist; sourceTree = "<group>"; };
		E88E292924D1D9AA00A8EE56 /* main.m */ = {isa = PBXFileReference; lastKnownFileType = sourcecode.c.objc; path = main.m; sourceTree = "<group>"; };
		E88E292F24D1D9AA00A8EE56 /* EarlGreyDemoUITests.xctest */ = {isa = PBXFileReference; explicitFileType = wrapper.cfbundle; includeInIndex = 0; path = EarlGreyDemoUITests.xctest; sourceTree = BUILT_PRODUCTS_DIR; };
		E88E293324D1D9AA00A8EE56 /* EarlGreyDemoUITests.m */ = {isa = PBXFileReference; lastKnownFileType = sourcecode.c.objc; path = EarlGreyDemoUITests.m; sourceTree = "<group>"; };
		E88E293524D1D9AA00A8EE56 /* Info.plist */ = {isa = PBXFileReference; lastKnownFileType = text.plist.xml; path = Info.plist; sourceTree = "<group>"; };
/* End PBXFileReference section */

/* Begin PBXFrameworksBuildPhase section */
		E88E291124D1D9A700A8EE56 /* Frameworks */ = {
			isa = PBXFrameworksBuildPhase;
			buildActionMask = 2147483647;
			files = (
				B350D30CA30E236BD528F426 /* libPods-EarlGreyDemo.a in Frameworks */,
			);
			runOnlyForDeploymentPostprocessing = 0;
		};
		E88E292C24D1D9AA00A8EE56 /* Frameworks */ = {
			isa = PBXFrameworksBuildPhase;
			buildActionMask = 2147483647;
			files = (
				337E8AA2416CCD7D7806BC85 /* libPods-EarlGreyDemoUITests.a in Frameworks */,
			);
			runOnlyForDeploymentPostprocessing = 0;
		};
/* End PBXFrameworksBuildPhase section */

/* Begin PBXGroup section */
		9B728E708FE446AB5EA14CCC /* Pods */ = {
			isa = PBXGroup;
			children = (
				4BDDA60935F1C006034FF17B /* Pods-EarlGreyDemo.debug.xcconfig */,
				C39D9F9FAD5A99DA76F8E47F /* Pods-EarlGreyDemo.release.xcconfig */,
				7E733C96E1C4A304529CB6DC /* Pods-EarlGreyDemoUITests.debug.xcconfig */,
				1154A17B6AD98A6F794A48AC /* Pods-EarlGreyDemoUITests.release.xcconfig */,
			);
			name = Pods;
			path = Pods;
			sourceTree = "<group>";
		};
		AD856CA2060D65A3A54F5B54 /* Frameworks */ = {
			isa = PBXGroup;
			children = (
				6A2F39958A68336ABC1A677B /* libPods-EarlGreyDemo.a */,
				65EE6718FE6E9E75C9D56984 /* libPods-EarlGreyDemoUITests.a */,
			);
			name = Frameworks;
			sourceTree = "<group>";
		};
		E88E290B24D1D9A700A8EE56 = {
			isa = PBXGroup;
			children = (
				E88E291624D1D9A700A8EE56 /* EarlGreyDemo */,
				E88E293224D1D9AA00A8EE56 /* EarlGreyDemoUITests */,
				E88E291524D1D9A700A8EE56 /* Products */,
				9B728E708FE446AB5EA14CCC /* Pods */,
				AD856CA2060D65A3A54F5B54 /* Frameworks */,
			);
			sourceTree = "<group>";
		};
		E88E291524D1D9A700A8EE56 /* Products */ = {
			isa = PBXGroup;
			children = (
				E88E291424D1D9A700A8EE56 /* EarlGreyDemo.app */,
				E88E292F24D1D9AA00A8EE56 /* EarlGreyDemoUITests.xctest */,
			);
			name = Products;
			sourceTree = "<group>";
		};
		E88E291624D1D9A700A8EE56 /* EarlGreyDemo */ = {
			isa = PBXGroup;
			children = (
				E88E291724D1D9A700A8EE56 /* AppDelegate.h */,
				E88E291824D1D9A700A8EE56 /* AppDelegate.m */,
				E88E291A24D1D9A700A8EE56 /* SceneDelegate.h */,
				E88E291B24D1D9A700A8EE56 /* SceneDelegate.m */,
				E88E291D24D1D9A700A8EE56 /* ViewController.h */,
				E88E291E24D1D9A700A8EE56 /* ViewController.m */,
				E88E292024D1D9A700A8EE56 /* Main.storyboard */,
				E88E292324D1D9AA00A8EE56 /* Assets.xcassets */,
				E88E292524D1D9AA00A8EE56 /* LaunchScreen.storyboard */,
				E88E292824D1D9AA00A8EE56 /* Info.plist */,
				E88E292924D1D9AA00A8EE56 /* main.m */,
			);
			path = EarlGreyDemo;
			sourceTree = "<group>";
		};
		E88E293224D1D9AA00A8EE56 /* EarlGreyDemoUITests */ = {
			isa = PBXGroup;
			children = (
				E88E293324D1D9AA00A8EE56 /* EarlGreyDemoUITests.m */,
				E88E293524D1D9AA00A8EE56 /* Info.plist */,
			);
			path = EarlGreyDemoUITests;
			sourceTree = "<group>";
		};
/* End PBXGroup section */

/* Begin PBXNativeTarget section */
		E88E291324D1D9A700A8EE56 /* EarlGreyDemo */ = {
			isa = PBXNativeTarget;
			buildConfigurationList = E88E293824D1D9AA00A8EE56 /* Build configuration list for PBXNativeTarget "EarlGreyDemo" */;
			buildPhases = (
				D05231DA518280075CEB79DD /* [CP] Check Pods Manifest.lock */,
				E88E291024D1D9A700A8EE56 /* Sources */,
				E88E291124D1D9A700A8EE56 /* Frameworks */,
				E88E291224D1D9A700A8EE56 /* Resources */,
			);
			buildRules = (
			);
			dependencies = (
			);
			name = EarlGreyDemo;
			productName = EarlGreyDemo;
			productReference = E88E291424D1D9A700A8EE56 /* EarlGreyDemo.app */;
			productType = "com.apple.product-type.application";
		};
		E88E292E24D1D9AA00A8EE56 /* EarlGreyDemoUITests */ = {
			isa = PBXNativeTarget;
			buildConfigurationList = E88E293B24D1D9AA00A8EE56 /* Build configuration list for PBXNativeTarget "EarlGreyDemoUITests" */;
			buildPhases = (
				1FF44D99CA536C3121DAB744 /* [CP] Check Pods Manifest.lock */,
				E88E292B24D1D9AA00A8EE56 /* Sources */,
				E88E292C24D1D9AA00A8EE56 /* Frameworks */,
				E88E292D24D1D9AA00A8EE56 /* Resources */,
				C1E31B90F5885C731981AED3 /* [CP] Embed Pods Frameworks */,
			);
			buildRules = (
			);
			dependencies = (
				E88E293124D1D9AA00A8EE56 /* PBXTargetDependency */,
			);
			name = EarlGreyDemoUITests;
			productName = EarlGreyDemoUITests;
			productReference = E88E292F24D1D9AA00A8EE56 /* EarlGreyDemoUITests.xctest */;
			productType = "com.apple.product-type.bundle.ui-testing";
		};
/* End PBXNativeTarget section */

/* Begin PBXProject section */
		E88E290C24D1D9A700A8EE56 /* Project object */ = {
			isa = PBXProject;
			attributes = {
				LastUpgradeCheck = 1160;
				ORGANIZATIONNAME = "徐浩博";
				TargetAttributes = {
					E88E291324D1D9A700A8EE56 = {
						CreatedOnToolsVersion = 11.6;
					};
					E88E292E24D1D9AA00A8EE56 = {
						CreatedOnToolsVersion = 11.6;
						TestTargetID = E88E291324D1D9A700A8EE56;
					};
				};
			};
			buildConfigurationList = E88E290F24D1D9A700A8EE56 /* Build configuration list for PBXProject "EarlGreyDemo" */;
			compatibilityVersion = "Xcode 9.3";
			developmentRegion = en;
			hasScannedForEncodings = 0;
			knownRegions = (
				en,
				Base,
			);
			mainGroup = E88E290B24D1D9A700A8EE56;
			productRefGroup = E88E291524D1D9A700A8EE56 /* Products */;
			projectDirPath = "";
			projectRoot = "";
			targets = (
				E88E291324D1D9A700A8EE56 /* EarlGreyDemo */,
				E88E292E24D1D9AA00A8EE56 /* EarlGreyDemoUITests */,
			);
		};
/* End PBXProject section */

/* Begin PBXResourcesBuildPhase section */
		E88E291224D1D9A700A8EE56 /* Resources */ = {
			isa = PBXResourcesBuildPhase;
			buildActionMask = 2147483647;
			files = (
				E88E292724D1D9AA00A8EE56 /* LaunchScreen.storyboard in Resources */,
				E88E292424D1D9AA00A8EE56 /* Assets.xcassets in Resources */,
				E88E292224D1D9A700A8EE56 /* Main.storyboard in Resources */,
			);
			runOnlyForDeploymentPostprocessing = 0;
		};
		E88E292D24D1D9AA00A8EE56 /* Resources */ = {
			isa = PBXResourcesBuildPhase;
			buildActionMask = 2147483647;
			files = (
			);
			runOnlyForDeploymentPostprocessing = 0;
		};
/* End PBXResourcesBuildPhase section */

/* Begin PBXShellScriptBuildPhase section */
		1FF44D99CA536C3121DAB744 /* [CP] Check Pods Manifest.lock */ = {
			isa = PBXShellScriptBuildPhase;
			buildActionMask = 2147483647;
			files = (
			);
			inputFileListPaths = (
			);
			inputPaths = (
				"${PODS_PODFILE_DIR_PATH}/Podfile.lock",
				"${PODS_ROOT}/Manifest.lock",
			);
			name = "[CP] Check Pods Manifest.lock";
			outputFileListPaths = (
			);
			outputPaths = (
				"$(DERIVED_FILE_DIR)/Pods-EarlGreyDemoUITests-checkManifestLockResult.txt",
			);
			runOnlyForDeploymentPostprocessing = 0;
			shellPath = /bin/sh;
			shellScript = "diff \"${PODS_PODFILE_DIR_PATH}/Podfile.lock\" \"${PODS_ROOT}/Manifest.lock\" > /dev/null\nif [ $? != 0 ] ; then\n    # print error to STDERR\n    echo \"error: The sandbox is not in sync with the Podfile.lock. Run 'pod install' or update your CocoaPods installation.\" >&2\n    exit 1\nfi\n# This output is used by Xcode 'outputs' to avoid re-running this script phase.\necho \"SUCCESS\" > \"${SCRIPT_OUTPUT_FILE_0}\"\n";
			showEnvVarsInLog = 0;
		};
		C1E31B90F5885C731981AED3 /* [CP] Embed Pods Frameworks */ = {
			isa = PBXShellScriptBuildPhase;
			buildActionMask = 2147483647;
			files = (
			);
			inputFileListPaths = (
				"${PODS_ROOT}/Target Support Files/Pods-EarlGreyDemoUITests/Pods-EarlGreyDemoUITests-frameworks-${CONFIGURATION}-input-files.xcfilelist",
			);
			name = "[CP] Embed Pods Frameworks";
			outputFileListPaths = (
				"${PODS_ROOT}/Target Support Files/Pods-EarlGreyDemoUITests/Pods-EarlGreyDemoUITests-frameworks-${CONFIGURATION}-output-files.xcfilelist",
			);
			runOnlyForDeploymentPostprocessing = 0;
			shellPath = /bin/sh;
			shellScript = "\"${PODS_ROOT}/Target Support Files/Pods-EarlGreyDemoUITests/Pods-EarlGreyDemoUITests-frameworks.sh\"\n";
			showEnvVarsInLog = 0;
		};
		D05231DA518280075CEB79DD /* [CP] Check Pods Manifest.lock */ = {
			isa = PBXShellScriptBuildPhase;
			buildActionMask = 2147483647;
			files = (
			);
			inputFileListPaths = (
			);
			inputPaths = (
				"${PODS_PODFILE_DIR_PATH}/Podfile.lock",
				"${PODS_ROOT}/Manifest.lock",
			);
			name = "[CP] Check Pods Manifest.lock";
			outputFileListPaths = (
			);
			outputPaths = (
				"$(DERIVED_FILE_DIR)/Pods-EarlGreyDemo-checkManifestLockResult.txt",
			);
			runOnlyForDeploymentPostprocessing = 0;
			shellPath = /bin/sh;
			shellScript = "diff \"${PODS_PODFILE_DIR_PATH}/Podfile.lock\" \"${PODS_ROOT}/Manifest.lock\" > /dev/null\nif [ $? != 0 ] ; then\n    # print error to STDERR\n    echo \"error: The sandbox is not in sync with the Podfile.lock. Run 'pod install' or update your CocoaPods installation.\" >&2\n    exit 1\nfi\n# This output is used by Xcode 'outputs' to avoid re-running this script phase.\necho \"SUCCESS\" > \"${SCRIPT_OUTPUT_FILE_0}\"\n";
			showEnvVarsInLog = 0;
		};
/* End PBXShellScriptBuildPhase section */

/* Begin PBXSourcesBuildPhase section */
		E88E291024D1D9A700A8EE56 /* Sources */ = {
			isa = PBXSourcesBuildPhase;
			buildActionMask = 2147483647;
			files = (
				E88E291F24D1D9A700A8EE56 /* ViewController.m in Sources */,
				E88E291924D1D9A700A8EE56 /* AppDelegate.m in Sources */,
				E88E292A24D1D9AA00A8EE56 /* main.m in Sources */,
				E88E291C24D1D9A700A8EE56 /* SceneDelegate.m in Sources */,
			);
			runOnlyForDeploymentPostprocessing = 0;
		};
		E88E292B24D1D9AA00A8EE56 /* Sources */ = {
			isa = PBXSourcesBuildPhase;
			buildActionMask = 2147483647;
			files = (
				E88E293424D1D9AA00A8EE56 /* EarlGreyDemoUITests.m in Sources */,
			);
			runOnlyForDeploymentPostprocessing = 0;
		};
/* End PBXSourcesBuildPhase section */

/* Begin PBXTargetDependency section */
		E88E293124D1D9AA00A8EE56 /* PBXTargetDependency */ = {
			isa = PBXTargetDependency;
			target = E88E291324D1D9A700A8EE56 /* EarlGreyDemo */;
			targetProxy = E88E293024D1D9AA00A8EE56 /* PBXContainerItemProxy */;
		};
/* End PBXTargetDependency section */

/* Begin PBXVariantGroup section */
		E88E292024D1D9A700A8EE56 /* Main.storyboard */ = {
			isa = PBXVariantGroup;
			children = (
				E88E292124D1D9A700A8EE56 /* Base */,
			);
			name = Main.storyboard;
			sourceTree = "<group>";
		};
		E88E292524D1D9AA00A8EE56 /* LaunchScreen.storyboard */ = {
			isa = PBXVariantGroup;
			children = (
				E88E292624D1D9AA00A8EE56 /* Base */,
			);
			name = LaunchScreen.storyboard;
			sourceTree = "<group>";
		};
/* End PBXVariantGroup section */

/* Begin XCBuildConfiguration section */
		E88E293624D1D9AA00A8EE56 /* Debug */ = {
			isa = XCBuildConfiguration;
			buildSettings = {
				ALWAYS_SEARCH_USER_PATHS = NO;
				CLANG_ANALYZER_NONNULL = YES;
				CLANG_ANALYZER_NUMBER_OBJECT_CONVERSION = YES_AGGRESSIVE;
				CLANG_CXX_LANGUAGE_STANDARD = "gnu++14";
				CLANG_CXX_LIBRARY = "libc++";
				CLANG_ENABLE_MODULES = YES;
				CLANG_ENABLE_OBJC_ARC = YES;
				CLANG_ENABLE_OBJC_WEAK = YES;
				CLANG_WARN_BLOCK_CAPTURE_AUTORELEASING = YES;
				CLANG_WARN_BOOL_CONVERSION = YES;
				CLANG_WARN_COMMA = YES;
				CLANG_WARN_CONSTANT_CONVERSION = YES;
				CLANG_WARN_DEPRECATED_OBJC_IMPLEMENTATIONS = YES;
				CLANG_WARN_DIRECT_OBJC_ISA_USAGE = YES_ERROR;
				CLANG_WARN_DOCUMENTATION_COMMENTS = YES;
				CLANG_WARN_EMPTY_BODY = YES;
				CLANG_WARN_ENUM_CONVERSION = YES;
				CLANG_WARN_INFINITE_RECURSION = YES;
				CLANG_WARN_INT_CONVERSION = YES;
				CLANG_WARN_NON_LITERAL_NULL_CONVERSION = YES;
				CLANG_WARN_OBJC_IMPLICIT_RETAIN_SELF = YES;
				CLANG_WARN_OBJC_LITERAL_CONVERSION = YES;
				CLANG_WARN_OBJC_ROOT_CLASS = YES_ERROR;
				CLANG_WARN_RANGE_LOOP_ANALYSIS = YES;
				CLANG_WARN_STRICT_PROTOTYPES = YES;
				CLANG_WARN_SUSPICIOUS_MOVE = YES;
				CLANG_WARN_UNGUARDED_AVAILABILITY = YES_AGGRESSIVE;
				CLANG_WARN_UNREACHABLE_CODE = YES;
				CLANG_WARN__DUPLICATE_METHOD_MATCH = YES;
				COPY_PHASE_STRIP = NO;
				DEBUG_INFORMATION_FORMAT = dwarf;
				ENABLE_STRICT_OBJC_MSGSEND = YES;
				ENABLE_TESTABILITY = YES;
				GCC_C_LANGUAGE_STANDARD = gnu11;
				GCC_DYNAMIC_NO_PIC = NO;
				GCC_NO_COMMON_BLOCKS = YES;
				GCC_OPTIMIZATION_LEVEL = 0;
				GCC_PREPROCESSOR_DEFINITIONS = (
					"DEBUG=1",
					"$(inherited)",
				);
				GCC_WARN_64_TO_32_BIT_CONVERSION = YES;
				GCC_WARN_ABOUT_RETURN_TYPE = YES_ERROR;
				GCC_WARN_UNDECLARED_SELECTOR = YES;
				GCC_WARN_UNINITIALIZED_AUTOS = YES_AGGRESSIVE;
				GCC_WARN_UNUSED_FUNCTION = YES;
				GCC_WARN_UNUSED_VARIABLE = YES;
				IPHONEOS_DEPLOYMENT_TARGET = 13.6;
				MTL_ENABLE_DEBUG_INFO = INCLUDE_SOURCE;
				MTL_FAST_MATH = YES;
				ONLY_ACTIVE_ARCH = YES;
				SDKROOT = iphoneos;
			};
			name = Debug;
		};
		E88E293724D1D9AA00A8EE56 /* Release */ = {
			isa = XCBuildConfiguration;
			buildSettings = {
				ALWAYS_SEARCH_USER_PATHS = NO;
				CLANG_ANALYZER_NONNULL = YES;
				CLANG_ANALYZER_NUMBER_OBJECT_CONVERSION = YES_AGGRESSIVE;
				CLANG_CXX_LANGUAGE_STANDARD = "gnu++14";
				CLANG_CXX_LIBRARY = "libc++";
				CLANG_ENABLE_MODULES = YES;
				CLANG_ENABLE_OBJC_ARC = YES;
				CLANG_ENABLE_OBJC_WEAK = YES;
				CLANG_WARN_BLOCK_CAPTURE_AUTORELEASING = YES;
				CLANG_WARN_BOOL_CONVERSION = YES;
				CLANG_WARN_COMMA = YES;
				CLANG_WARN_CONSTANT_CONVERSION = YES;
				CLANG_WARN_DEPRECATED_OBJC_IMPLEMENTATIONS = YES;
				CLANG_WARN_DIRECT_OBJC_ISA_USAGE = YES_ERROR;
				CLANG_WARN_DOCUMENTATION_COMMENTS = YES;
				CLANG_WARN_EMPTY_BODY = YES;
				CLANG_WARN_ENUM_CONVERSION = YES;
				CLANG_WARN_INFINITE_RECURSION = YES;
				CLANG_WARN_INT_CONVERSION = YES;
				CLANG_WARN_NON_LITERAL_NULL_CONVERSION = YES;
				CLANG_WARN_OBJC_IMPLICIT_RETAIN_SELF = YES;
				CLANG_WARN_OBJC_LITERAL_CONVERSION = YES;
				CLANG_WARN_OBJC_ROOT_CLASS = YES_ERROR;
				CLANG_WARN_RANGE_LOOP_ANALYSIS = YES;
				CLANG_WARN_STRICT_PROTOTYPES = YES;
				CLANG_WARN_SUSPICIOUS_MOVE = YES;
				CLANG_WARN_UNGUARDED_AVAILABILITY = YES_AGGRESSIVE;
				CLANG_WARN_UNREACHABLE_CODE = YES;
				CLANG_WARN__DUPLICATE_METHOD_MATCH = YES;
				COPY_PHASE_STRIP = NO;
				DEBUG_INFORMATION_FORMAT = "dwarf-with-dsym";
				ENABLE_NS_ASSERTIONS = NO;
				ENABLE_STRICT_OBJC_MSGSEND = YES;
				GCC_C_LANGUAGE_STANDARD = gnu11;
				GCC_NO_COMMON_BLOCKS = YES;
				GCC_WARN_64_TO_32_BIT_CONVERSION = YES;
				GCC_WARN_ABOUT_RETURN_TYPE = YES_ERROR;
				GCC_WARN_UNDECLARED_SELECTOR = YES;
				GCC_WARN_UNINITIALIZED_AUTOS = YES_AGGRESSIVE;
				GCC_WARN_UNUSED_FUNCTION = YES;
				GCC_WARN_UNUSED_VARIABLE = YES;
				IPHONEOS_DEPLOYMENT_TARGET = 13.6;
				MTL_ENABLE_DEBUG_INFO = NO;
				MTL_FAST_MATH = YES;
				SDKROOT = iphoneos;
				VALIDATE_PRODUCT = YES;
			};
			name = Release;
		};
		E88E293924D1D9AA00A8EE56 /* Debug */ = {
			isa = XCBuildConfiguration;
			baseConfigurationReference = 4BDDA60935F1C006034FF17B /* Pods-EarlGreyDemo.debug.xcconfig */;
			buildSettings = {
				ASSETCATALOG_COMPILER_APPICON_NAME = AppIcon;
				CODE_SIGN_STYLE = Automatic;
				DEVELOPMENT_TEAM = V32BKVPBTJ;
				INFOPLIST_FILE = EarlGreyDemo/Info.plist;
				LD_RUNPATH_SEARCH_PATHS = (
					"$(inherited)",
					"@executable_path/Frameworks",
				);
				PRODUCT_BUNDLE_IDENTIFIER = top.haoboxuxu.EarlGreyDemo;
				PRODUCT_NAME = "$(TARGET_NAME)";
				TARGETED_DEVICE_FAMILY = "1,2";
			};
			name = Debug;
		};
		E88E293A24D1D9AA00A8EE56 /* Release */ = {
			isa = XCBuildConfiguration;
			baseConfigurationReference = C39D9F9FAD5A99DA76F8E47F /* Pods-EarlGreyDemo.release.xcconfig */;
			buildSettings = {
				ASSETCATALOG_COMPILER_APPICON_NAME = AppIcon;
				CODE_SIGN_STYLE = Automatic;
				DEVELOPMENT_TEAM = V32BKVPBTJ;
				INFOPLIST_FILE = EarlGreyDemo/Info.plist;
				LD_RUNPATH_SEARCH_PATHS = (
					"$(inherited)",
					"@executable_path/Frameworks",
				);
				PRODUCT_BUNDLE_IDENTIFIER = top.haoboxuxu.EarlGreyDemo;
				PRODUCT_NAME = "$(TARGET_NAME)";
				TARGETED_DEVICE_FAMILY = "1,2";
			};
			name = Release;
		};
		E88E293C24D1D9AA00A8EE56 /* Debug */ = {
			isa = XCBuildConfiguration;
			baseConfigurationReference = 7E733C96E1C4A304529CB6DC /* Pods-EarlGreyDemoUITests.debug.xcconfig */;
			buildSettings = {
				CODE_SIGN_STYLE = Automatic;
				DEVELOPMENT_TEAM = V32BKVPBTJ;
				INFOPLIST_FILE = EarlGreyDemoUITests/Info.plist;
				LD_RUNPATH_SEARCH_PATHS = (
					"$(inherited)",
					"@executable_path/Frameworks",
					"@loader_path/Frameworks",
				);
				PRODUCT_BUNDLE_IDENTIFIER = top.haoboxuxu.EarlGreyDemoUITests;
				PRODUCT_NAME = "$(TARGET_NAME)";
				TARGETED_DEVICE_FAMILY = "1,2";
				TEST_TARGET_NAME = EarlGreyDemo;
			};
			name = Debug;
		};
		E88E293D24D1D9AA00A8EE56 /* Release */ = {
			isa = XCBuildConfiguration;
			baseConfigurationReference = 1154A17B6AD98A6F794A48AC /* Pods-EarlGreyDemoUITests.release.xcconfig */;
			buildSettings = {
				CODE_SIGN_STYLE = Automatic;
				DEVELOPMENT_TEAM = V32BKVPBTJ;
				INFOPLIST_FILE = EarlGreyDemoUITests/Info.plist;
				LD_RUNPATH_SEARCH_PATHS = (
					"$(inherited)",
					"@executable_path/Frameworks",
					"@loader_path/Frameworks",
				);
				PRODUCT_BUNDLE_IDENTIFIER = top.haoboxuxu.EarlGreyDemoUITests;
				PRODUCT_NAME = "$(TARGET_NAME)";
				TARGETED_DEVICE_FAMILY = "1,2";
				TEST_TARGET_NAME = EarlGreyDemo;
			};
			name = Release;
		};
/* End XCBuildConfiguration section */

/* Begin XCConfigurationList section */
		E88E290F24D1D9A700A8EE56 /* Build configuration list for PBXProject "EarlGreyDemo" */ = {
			isa = XCConfigurationList;
			buildConfigurations = (
				E88E293624D1D9AA00A8EE56 /* Debug */,
				E88E293724D1D9AA00A8EE56 /* Release */,
			);
			defaultConfigurationIsVisible = 0;
			defaultConfigurationName = Release;
		};
		E88E293824D1D9AA00A8EE56 /* Build configuration list for PBXNativeTarget "EarlGreyDemo" */ = {
			isa = XCConfigurationList;
			buildConfigurations = (
				E88E293924D1D9AA00A8EE56 /* Debug */,
				E88E293A24D1D9AA00A8EE56 /* Release */,
			);
			defaultConfigurationIsVisible = 0;
			defaultConfigurationName = Release;
		};
		E88E293B24D1D9AA00A8EE56 /* Build configuration list for PBXNativeTarget "EarlGreyDemoUITests" */ = {
			isa = XCConfigurationList;
			buildConfigurations = (
				E88E293C24D1D9AA00A8EE56 /* Debug */,
				E88E293D24D1D9AA00A8EE56 /* Release */,
			);
			defaultConfigurationIsVisible = 0;
			defaultConfigurationName = Release;
		};
/* End XCConfigurationList section */
	};
	rootObject = E88E290C24D1D9A700A8EE56 /* Project object */;
}
